
Microsoft Visual Studio Solution File, Format Version 12.00
Project("{FAE04EC0-301F-11D3-BF4B-00C04F79EFBC}") = "laba_1", "laba_1\laba_1.csproj", "{CF1DA118-7750-4BCD-B9AB-94251BB33510}"
EndProject
Global
	GlobalSection(SolutionConfigurationPlatforms) = preSolution
		Debug|Any CPU = Debug|Any CPU
		Release|Any CPU = Release|Any CPU
	EndGlobalSection
	GlobalSection(ProjectConfigurationPlatforms) = postSolution
		{CF1DA118-7750-4BCD-B9AB-94251BB33510}.Debug|Any CPU.ActiveCfg = Debug|Any CPU
		{CF1DA118-7750-4BCD-B9AB-94251BB33510}.Debug|Any CPU.Build.0 = Debug|Any CPU
		{CF1DA118-7750-4BCD-B9AB-94251BB33510}.Release|Any CPU.ActiveCfg = Release|Any CPU
		{CF1DA118-7750-4BCD-B9AB-94251BB33510}.Release|Any CPU.Build.0 = Release|Any CPU
	EndGlobalSection
EndGlobal
