
Microsoft Visual Studio Solution File, Format Version 12.00
Project("{FAE04EC0-301F-11D3-BF4B-00C04F79EFBC}") = "laba_15", "laba_15\laba_15.csproj", "{99FF48CE-826A-4A31-8AFF-AB81B0A82766}"
EndProject
Global
	GlobalSection(SolutionConfigurationPlatforms) = preSolution
		Debug|Any CPU = Debug|Any CPU
		Release|Any CPU = Release|Any CPU
	EndGlobalSection
	GlobalSection(ProjectConfigurationPlatforms) = postSolution
		{99FF48CE-826A-4A31-8AFF-AB81B0A82766}.Debug|Any CPU.ActiveCfg = Debug|Any CPU
		{99FF48CE-826A-4A31-8AFF-AB81B0A82766}.Debug|Any CPU.Build.0 = Debug|Any CPU
		{99FF48CE-826A-4A31-8AFF-AB81B0A82766}.Release|Any CPU.ActiveCfg = Release|Any CPU
		{99FF48CE-826A-4A31-8AFF-AB81B0A82766}.Release|Any CPU.Build.0 = Release|Any CPU
	EndGlobalSection
EndGlobal
