
Microsoft Visual Studio Solution File, Format Version 12.00
Project("{FAE04EC0-301F-11D3-BF4B-00C04F79EFBC}") = "laba_2", "laba_2\laba_2.csproj", "{D6B5C8DF-23A4-4C21-B517-9F6D7BDEBC74}"
EndProject
Global
	GlobalSection(SolutionConfigurationPlatforms) = preSolution
		Debug|Any CPU = Debug|Any CPU
		Release|Any CPU = Release|Any CPU
	EndGlobalSection
	GlobalSection(ProjectConfigurationPlatforms) = postSolution
		{D6B5C8DF-23A4-4C21-B517-9F6D7BDEBC74}.Debug|Any CPU.ActiveCfg = Debug|Any CPU
		{D6B5C8DF-23A4-4C21-B517-9F6D7BDEBC74}.Debug|Any CPU.Build.0 = Debug|Any CPU
		{D6B5C8DF-23A4-4C21-B517-9F6D7BDEBC74}.Release|Any CPU.ActiveCfg = Release|Any CPU
		{D6B5C8DF-23A4-4C21-B517-9F6D7BDEBC74}.Release|Any CPU.Build.0 = Release|Any CPU
	EndGlobalSection
EndGlobal
